github.com/Comdex/imgo v0.0.0-20200213094239-bb8d436f1e5a h1:R6uoBNIHx3UyxxG+ntWSC/g9gXUIPSk1bvW9zzhIadE=
github.com/Comdex/imgo v0.0.0-20200213094239-bb8d436f1e5a/go.mod h1:OqTmmqMJZcFVi/fGDvpvoCYxFjyFgkJ5wRU42g1bWQY=
github.com/hybridgroup/mjpeg v0.0.0-20140228234708-4680f319790e/go.mod h1:eagM805MRKrioHYuU7iKLUyFPVKqVV6um5DAvCkUtXs=
github.com/pascaldekloe/goe v0.1.0/go.mod h1:lzWF7FIEvWOWxwDKqyGYQf6ZUaNfKdP144TG7ZOy1lc=
gocv.io/x/gocv v0.30.0 h1:r8RU4w0lfa65NdftHEeBtrDxCCLRDu1H7X3aI37IOtk=
gocv.io/x/gocv v0.30.0/go.mod h1:oc6FvfYqfBp99p+yOEzs9tbYF9gOrAQSeL/dyIPefJU=
